
Microsoft Visual Studio Solution File, Format Version 12.00
# Visual Studio Version 17
VisualStudioVersion = 17.0.31903.59
MinimumVisualStudioVersion = 10.0.40219.1
Project("{2150E333-8FDC-42A3-9474-1A3956D46DE8}") = "b-Code-AppShell", "b-Code-AppShell", "{C3E1AE08-5A3A-741C-0ADC-7744F68B6C34}"
EndProject
Project("{2150E333-8FDC-42A3-9474-1A3956D46DE8}") = "src", "src", "{5C8B4F3E-43FD-DAB6-8FA6-006392BA9734}"
EndProject
Project("{FAE04EC0-301F-11D3-BF4B-00C04F79EFBC}") = "AppShell.Core", "b-Code-AppShell\src\AppShell.Core\AppShell.Core.csproj", "{1BC9F92E-4179-4F91-B93D-81F9547F319F}"
EndProject
Project("{FAE04EC0-301F-11D3-BF4B-00C04F79EFBC}") = "AppShell.Services", "b-Code-AppShell\src\AppShell.Services\AppShell.Services.csproj", "{DAD4014F-A584-4E68-8317-CBA8B10C33B0}"
EndProject
Project("{FAE04EC0-301F-11D3-BF4B-00C04F79EFBC}") = "AppShell.Shell", "b-Code-AppShell\src\AppShell.Shell\AppShell.Shell.csproj", "{DB23BA03-0D18-4F56-9A2A-AE0173BDD05C}"
EndProject
Project("{FAE04EC0-301F-11D3-BF4B-00C04F79EFBC}") = "AppShell.ServiceHost", "b-Code-AppShell\src\AppShell.ServiceHost\AppShell.ServiceHost.csproj", "{961226E3-8C7F-4F6F-930D-6520FC5EBF68}"
EndProject
Project("{FAE04EC0-301F-11D3-BF4B-00C04F79EFBC}") = "App", "b-Code-AppShell\src\App\App.csproj", "{DAC78FF9-E7FA-4C13-8361-AEECCC44F1C2}"
EndProject
Project("{FAE04EC0-301F-11D3-BF4B-00C04F79EFBC}") = "AppShell.Tests", "b-Code-Tests\AppShell.Tests\AppShell.Tests.csproj", "{635B097E-7F87-43E7-AA5D-F6D106A1E9B0}"
EndProject
Global
	GlobalSection(SolutionConfigurationPlatforms) = preSolution
		Debug|Any CPU = Debug|Any CPU
		Debug|x64 = Debug|x64
		Debug|x86 = Debug|x86
		Release|Any CPU = Release|Any CPU
		Release|x64 = Release|x64
		Release|x86 = Release|x86
	EndGlobalSection
	GlobalSection(ProjectConfigurationPlatforms) = postSolution
		{1BC9F92E-4179-4F91-B93D-81F9547F319F}.Debug|Any CPU.ActiveCfg = Debug|Any CPU
		{1BC9F92E-4179-4F91-B93D-81F9547F319F}.Debug|Any CPU.Build.0 = Debug|Any CPU
		{1BC9F92E-4179-4F91-B93D-81F9547F319F}.Debug|x64.ActiveCfg = Debug|Any CPU
		{1BC9F92E-4179-4F91-B93D-81F9547F319F}.Debug|x64.Build.0 = Debug|Any CPU
		{1BC9F92E-4179-4F91-B93D-81F9547F319F}.Debug|x86.ActiveCfg = Debug|Any CPU
		{1BC9F92E-4179-4F91-B93D-81F9547F319F}.Debug|x86.Build.0 = Debug|Any CPU
		{1BC9F92E-4179-4F91-B93D-81F9547F319F}.Release|Any CPU.ActiveCfg = Release|Any CPU
		{1BC9F92E-4179-4F91-B93D-81F9547F319F}.Release|Any CPU.Build.0 = Release|Any CPU
		{1BC9F92E-4179-4F91-B93D-81F9547F319F}.Release|x64.ActiveCfg = Release|Any CPU
		{1BC9F92E-4179-4F91-B93D-81F9547F319F}.Release|x64.Build.0 = Release|Any CPU
		{1BC9F92E-4179-4F91-B93D-81F9547F319F}.Release|x86.ActiveCfg = Release|Any CPU
		{1BC9F92E-4179-4F91-B93D-81F9547F319F}.Release|x86.Build.0 = Release|Any CPU
		{DAD4014F-A584-4E68-8317-CBA8B10C33B0}.Debug|Any CPU.ActiveCfg = Debug|Any CPU
		{DAD4014F-A584-4E68-8317-CBA8B10C33B0}.Debug|Any CPU.Build.0 = Debug|Any CPU
		{DAD4014F-A584-4E68-8317-CBA8B10C33B0}.Debug|x64.ActiveCfg = Debug|Any CPU
		{DAD4014F-A584-4E68-8317-CBA8B10C33B0}.Debug|x64.Build.0 = Debug|Any CPU
		{DAD4014F-A584-4E68-8317-CBA8B10C33B0}.Debug|x86.ActiveCfg = Debug|Any CPU
		{DAD4014F-A584-4E68-8317-CBA8B10C33B0}.Debug|x86.Build.0 = Debug|Any CPU
		{DAD4014F-A584-4E68-8317-CBA8B10C33B0}.Release|Any CPU.ActiveCfg = Release|Any CPU
		{DAD4014F-A584-4E68-8317-CBA8B10C33B0}.Release|Any CPU.Build.0 = Release|Any CPU
		{DAD4014F-A584-4E68-8317-CBA8B10C33B0}.Release|x64.ActiveCfg = Release|Any CPU
		{DAD4014F-A584-4E68-8317-CBA8B10C33B0}.Release|x64.Build.0 = Release|Any CPU
		{DAD4014F-A584-4E68-8317-CBA8B10C33B0}.Release|x86.ActiveCfg = Release|Any CPU
		{DAD4014F-A584-4E68-8317-CBA8B10C33B0}.Release|x86.Build.0 = Release|Any CPU
		{DB23BA03-0D18-4F56-9A2A-AE0173BDD05C}.Debug|Any CPU.ActiveCfg = Debug|Any CPU
		{DB23BA03-0D18-4F56-9A2A-AE0173BDD05C}.Debug|Any CPU.Build.0 = Debug|Any CPU
		{DB23BA03-0D18-4F56-9A2A-AE0173BDD05C}.Debug|x64.ActiveCfg = Debug|Any CPU
		{DB23BA03-0D18-4F56-9A2A-AE0173BDD05C}.Debug|x64.Build.0 = Debug|Any CPU
		{DB23BA03-0D18-4F56-9A2A-AE0173BDD05C}.Debug|x86.ActiveCfg = Debug|Any CPU
		{DB23BA03-0D18-4F56-9A2A-AE0173BDD05C}.Debug|x86.Build.0 = Debug|Any CPU
		{DB23BA03-0D18-4F56-9A2A-AE0173BDD05C}.Release|Any CPU.ActiveCfg = Release|Any CPU
		{DB23BA03-0D18-4F56-9A2A-AE0173BDD05C}.Release|Any CPU.Build.0 = Release|Any CPU
		{DB23BA03-0D18-4F56-9A2A-AE0173BDD05C}.Release|x64.ActiveCfg = Release|Any CPU
		{DB23BA03-0D18-4F56-9A2A-AE0173BDD05C}.Release|x64.Build.0 = Release|Any CPU
		{DB23BA03-0D18-4F56-9A2A-AE0173BDD05C}.Release|x86.ActiveCfg = Release|Any CPU
		{DB23BA03-0D18-4F56-9A2A-AE0173BDD05C}.Release|x86.Build.0 = Release|Any CPU
		{961226E3-8C7F-4F6F-930D-6520FC5EBF68}.Debug|Any CPU.ActiveCfg = Debug|Any CPU
		{961226E3-8C7F-4F6F-930D-6520FC5EBF68}.Debug|Any CPU.Build.0 = Debug|Any CPU
		{961226E3-8C7F-4F6F-930D-6520FC5EBF68}.Debug|x64.ActiveCfg = Debug|Any CPU
		{961226E3-8C7F-4F6F-930D-6520FC5EBF68}.Debug|x64.Build.0 = Debug|Any CPU
		{961226E3-8C7F-4F6F-930D-6520FC5EBF68}.Debug|x86.ActiveCfg = Debug|Any CPU
		{961226E3-8C7F-4F6F-930D-6520FC5EBF68}.Debug|x86.Build.0 = Debug|Any CPU
		{961226E3-8C7F-4F6F-930D-6520FC5EBF68}.Release|Any CPU.ActiveCfg = Release|Any CPU
		{961226E3-8C7F-4F6F-930D-6520FC5EBF68}.Release|Any CPU.Build.0 = Release|Any CPU
		{961226E3-8C7F-4F6F-930D-6520FC5EBF68}.Release|x64.ActiveCfg = Release|Any CPU
		{961226E3-8C7F-4F6F-930D-6520FC5EBF68}.Release|x64.Build.0 = Release|Any CPU
		{961226E3-8C7F-4F6F-930D-6520FC5EBF68}.Release|x86.ActiveCfg = Release|Any CPU
		{961226E3-8C7F-4F6F-930D-6520FC5EBF68}.Release|x86.Build.0 = Release|Any CPU
		{DAC78FF9-E7FA-4C13-8361-AEECCC44F1C2}.Debug|Any CPU.ActiveCfg = Debug|Any CPU
		{DAC78FF9-E7FA-4C13-8361-AEECCC44F1C2}.Debug|Any CPU.Build.0 = Debug|Any CPU
		{DAC78FF9-E7FA-4C13-8361-AEECCC44F1C2}.Debug|x64.ActiveCfg = Debug|Any CPU
		{DAC78FF9-E7FA-4C13-8361-AEECCC44F1C2}.Debug|x64.Build.0 = Debug|Any CPU
		{DAC78FF9-E7FA-4C13-8361-AEECCC44F1C2}.Debug|x86.ActiveCfg = Debug|Any CPU
		{DAC78FF9-E7FA-4C13-8361-AEECCC44F1C2}.Debug|x86.Build.0 = Debug|Any CPU
		{DAC78FF9-E7FA-4C13-8361-AEECCC44F1C2}.Release|Any CPU.ActiveCfg = Release|Any CPU
		{DAC78FF9-E7FA-4C13-8361-AEECCC44F1C2}.Release|Any CPU.Build.0 = Release|Any CPU
		{DAC78FF9-E7FA-4C13-8361-AEECCC44F1C2}.Release|x64.ActiveCfg = Release|Any CPU
		{DAC78FF9-E7FA-4C13-8361-AEECCC44F1C2}.Release|x64.Build.0 = Release|Any CPU
		{DAC78FF9-E7FA-4C13-8361-AEECCC44F1C2}.Release|x86.ActiveCfg = Release|Any CPU
		{DAC78FF9-E7FA-4C13-8361-AEECCC44F1C2}.Release|x86.Build.0 = Release|Any CPU
		{635B097E-7F87-43E7-AA5D-F6D106A1E9B0}.Debug|Any CPU.ActiveCfg = Debug|Any CPU
		{635B097E-7F87-43E7-AA5D-F6D106A1E9B0}.Debug|Any CPU.Build.0 = Debug|Any CPU
		{635B097E-7F87-43E7-AA5D-F6D106A1E9B0}.Debug|x64.ActiveCfg = Debug|Any CPU
		{635B097E-7F87-43E7-AA5D-F6D106A1E9B0}.Debug|x64.Build.0 = Debug|Any CPU
		{635B097E-7F87-43E7-AA5D-F6D106A1E9B0}.Debug|x86.ActiveCfg = Debug|Any CPU
		{635B097E-7F87-43E7-AA5D-F6D106A1E9B0}.Debug|x86.Build.0 = Debug|Any CPU
		{635B097E-7F87-43E7-AA5D-F6D106A1E9B0}.Release|Any CPU.ActiveCfg = Release|Any CPU
		{635B097E-7F87-43E7-AA5D-F6D106A1E9B0}.Release|Any CPU.Build.0 = Release|Any CPU
		{635B097E-7F87-43E7-AA5D-F6D106A1E9B0}.Release|x64.ActiveCfg = Release|Any CPU
		{635B097E-7F87-43E7-AA5D-F6D106A1E9B0}.Release|x64.Build.0 = Release|Any CPU
		{635B097E-7F87-43E7-AA5D-F6D106A1E9B0}.Release|x86.ActiveCfg = Release|Any CPU
		{635B097E-7F87-43E7-AA5D-F6D106A1E9B0}.Release|x86.Build.0 = Release|Any CPU
	EndGlobalSection
	GlobalSection(SolutionProperties) = preSolution
		HideSolutionNode = FALSE
	EndGlobalSection
	GlobalSection(NestedProjects) = preSolution
		{5C8B4F3E-43FD-DAB6-8FA6-006392BA9734} = {C3E1AE08-5A3A-741C-0ADC-7744F68B6C34}
		{1BC9F92E-4179-4F91-B93D-81F9547F319F} = {5C8B4F3E-43FD-DAB6-8FA6-006392BA9734}
		{DAD4014F-A584-4E68-8317-CBA8B10C33B0} = {5C8B4F3E-43FD-DAB6-8FA6-006392BA9734}
		{DB23BA03-0D18-4F56-9A2A-AE0173BDD05C} = {5C8B4F3E-43FD-DAB6-8FA6-006392BA9734}
		{961226E3-8C7F-4F6F-930D-6520FC5EBF68} = {5C8B4F3E-43FD-DAB6-8FA6-006392BA9734}
		{DAC78FF9-E7FA-4C13-8361-AEECCC44F1C2} = {5C8B4F3E-43FD-DAB6-8FA6-006392BA9734}
		{635B097E-7F87-43E7-AA5D-F6D106A1E9B0} = {5C8B4F3E-43FD-DAB6-8FA6-006392BA9734}
	EndGlobalSection
EndGlobal
