
Microsoft Visual Studio Solution File, Format Version 12.00
# Visual Studio Version 17
VisualStudioVersion = 17.0.31903.59
MinimumVisualStudioVersion = 10.0.40219.1
Project("{2150E333-8FDC-42A3-9474-1A3956D46DE8}") = "AppShell", "AppShell", "{D2512EF8-F638-E2F8-085F-A70EC16828FA}"
EndProject
Project("{FAE04EC0-301F-11D3-BF4B-00C04F79EFBC}") = "AppShell.Core", "b-Code-AppShell\src\AppShell.Core\AppShell.Core.csproj", "{EF9B647A-42DB-47AE-AF02-FD6A6EB5FF12}"
EndProject
Project("{FAE04EC0-301F-11D3-BF4B-00C04F79EFBC}") = "AppShell.Services", "b-Code-AppShell\src\AppShell.Services\AppShell.Services.csproj", "{C919CC5C-9BCF-4CD7-AF98-978F9992015F}"
EndProject
Project("{FAE04EC0-301F-11D3-BF4B-00C04F79EFBC}") = "AppShell.Shell", "b-Code-AppShell\src\AppShell.Shell\AppShell.Shell.csproj", "{7B4FCC2C-54FB-4605-B827-54C05DACD316}"
EndProject
Project("{FAE04EC0-301F-11D3-BF4B-00C04F79EFBC}") = "App", "b-Code-AppShell\src\App\App.csproj", "{9B43B8A0-B098-44D6-B4DD-4B7484B20259}"
EndProject
Project("{2150E333-8FDC-42A3-9474-1A3956D46DE8}") = "OneHistoryStudio", "OneHistoryStudio", "{63C85506-A399-6BE0-94A2-CD327F53321A}"
EndProject
Project("{FAE04EC0-301F-11D3-BF4B-00C04F79EFBC}") = "Studio", "b-Code-Studio\Studio.csproj", "{96FA79BA-025E-4992-9BF0-CCDB1AFE32A2}"
EndProject
Project("{FAE04EC0-301F-11D3-BF4B-00C04F79EFBC}") = "Smoke", "b-Code-Studio\tests\Smoke\Smoke.csproj", "{DD11093B-C571-4DF0-BE91-C34F13E2932B}"
EndProject
Global
	GlobalSection(SolutionConfigurationPlatforms) = preSolution
		Debug|Any CPU = Debug|Any CPU
		Debug|x64 = Debug|x64
		Debug|x86 = Debug|x86
		Release|Any CPU = Release|Any CPU
		Release|x64 = Release|x64
		Release|x86 = Release|x86
	EndGlobalSection
	GlobalSection(ProjectConfigurationPlatforms) = postSolution
		{EF9B647A-42DB-47AE-AF02-FD6A6EB5FF12}.Debug|Any CPU.ActiveCfg = Debug|Any CPU
		{EF9B647A-42DB-47AE-AF02-FD6A6EB5FF12}.Debug|Any CPU.Build.0 = Debug|Any CPU
		{EF9B647A-42DB-47AE-AF02-FD6A6EB5FF12}.Debug|x64.ActiveCfg = Debug|Any CPU
		{EF9B647A-42DB-47AE-AF02-FD6A6EB5FF12}.Debug|x64.Build.0 = Debug|Any CPU
		{EF9B647A-42DB-47AE-AF02-FD6A6EB5FF12}.Debug|x86.ActiveCfg = Debug|Any CPU
		{EF9B647A-42DB-47AE-AF02-FD6A6EB5FF12}.Debug|x86.Build.0 = Debug|Any CPU
		{EF9B647A-42DB-47AE-AF02-FD6A6EB5FF12}.Release|Any CPU.ActiveCfg = Release|Any CPU
		{EF9B647A-42DB-47AE-AF02-FD6A6EB5FF12}.Release|Any CPU.Build.0 = Release|Any CPU
		{EF9B647A-42DB-47AE-AF02-FD6A6EB5FF12}.Release|x64.ActiveCfg = Release|Any CPU
		{EF9B647A-42DB-47AE-AF02-FD6A6EB5FF12}.Release|x64.Build.0 = Release|Any CPU
		{EF9B647A-42DB-47AE-AF02-FD6A6EB5FF12}.Release|x86.ActiveCfg = Release|Any CPU
		{EF9B647A-42DB-47AE-AF02-FD6A6EB5FF12}.Release|x86.Build.0 = Release|Any CPU
		{C919CC5C-9BCF-4CD7-AF98-978F9992015F}.Debug|Any CPU.ActiveCfg = Debug|Any CPU
		{C919CC5C-9BCF-4CD7-AF98-978F9992015F}.Debug|Any CPU.Build.0 = Debug|Any CPU
		{C919CC5C-9BCF-4CD7-AF98-978F9992015F}.Debug|x64.ActiveCfg = Debug|Any CPU
		{C919CC5C-9BCF-4CD7-AF98-978F9992015F}.Debug|x64.Build.0 = Debug|Any CPU
		{C919CC5C-9BCF-4CD7-AF98-978F9992015F}.Debug|x86.ActiveCfg = Debug|Any CPU
		{C919CC5C-9BCF-4CD7-AF98-978F9992015F}.Debug|x86.Build.0 = Debug|Any CPU
		{C919CC5C-9BCF-4CD7-AF98-978F9992015F}.Release|Any CPU.ActiveCfg = Release|Any CPU
		{C919CC5C-9BCF-4CD7-AF98-978F9992015F}.Release|Any CPU.Build.0 = Release|Any CPU
		{C919CC5C-9BCF-4CD7-AF98-978F9992015F}.Release|x64.ActiveCfg = Release|Any CPU
		{C919CC5C-9BCF-4CD7-AF98-978F9992015F}.Release|x64.Build.0 = Release|Any CPU
		{C919CC5C-9BCF-4CD7-AF98-978F9992015F}.Release|x86.ActiveCfg = Release|Any CPU
		{C919CC5C-9BCF-4CD7-AF98-978F9992015F}.Release|x86.Build.0 = Release|Any CPU
		{7B4FCC2C-54FB-4605-B827-54C05DACD316}.Debug|Any CPU.ActiveCfg = Debug|Any CPU
		{7B4FCC2C-54FB-4605-B827-54C05DACD316}.Debug|Any CPU.Build.0 = Debug|Any CPU
		{7B4FCC2C-54FB-4605-B827-54C05DACD316}.Debug|x64.ActiveCfg = Debug|Any CPU
		{7B4FCC2C-54FB-4605-B827-54C05DACD316}.Debug|x64.Build.0 = Debug|Any CPU
		{7B4FCC2C-54FB-4605-B827-54C05DACD316}.Debug|x86.ActiveCfg = Debug|Any CPU
		{7B4FCC2C-54FB-4605-B827-54C05DACD316}.Debug|x86.Build.0 = Debug|Any CPU
		{7B4FCC2C-54FB-4605-B827-54C05DACD316}.Release|Any CPU.ActiveCfg = Release|Any CPU
		{7B4FCC2C-54FB-4605-B827-54C05DACD316}.Release|Any CPU.Build.0 = Release|Any CPU
		{7B4FCC2C-54FB-4605-B827-54C05DACD316}.Release|x64.ActiveCfg = Release|Any CPU
		{7B4FCC2C-54FB-4605-B827-54C05DACD316}.Release|x64.Build.0 = Release|Any CPU
		{7B4FCC2C-54FB-4605-B827-54C05DACD316}.Release|x86.ActiveCfg = Release|Any CPU
		{7B4FCC2C-54FB-4605-B827-54C05DACD316}.Release|x86.Build.0 = Release|Any CPU
		{9B43B8A0-B098-44D6-B4DD-4B7484B20259}.Debug|Any CPU.ActiveCfg = Debug|Any CPU
		{9B43B8A0-B098-44D6-B4DD-4B7484B20259}.Debug|Any CPU.Build.0 = Debug|Any CPU
		{9B43B8A0-B098-44D6-B4DD-4B7484B20259}.Debug|x64.ActiveCfg = Debug|Any CPU
		{9B43B8A0-B098-44D6-B4DD-4B7484B20259}.Debug|x64.Build.0 = Debug|Any CPU
		{9B43B8A0-B098-44D6-B4DD-4B7484B20259}.Debug|x86.ActiveCfg = Debug|Any CPU
		{9B43B8A0-B098-44D6-B4DD-4B7484B20259}.Debug|x86.Build.0 = Debug|Any CPU
		{9B43B8A0-B098-44D6-B4DD-4B7484B20259}.Release|Any CPU.ActiveCfg = Release|Any CPU
		{9B43B8A0-B098-44D6-B4DD-4B7484B20259}.Release|Any CPU.Build.0 = Release|Any CPU
		{9B43B8A0-B098-44D6-B4DD-4B7484B20259}.Release|x64.ActiveCfg = Release|Any CPU
		{9B43B8A0-B098-44D6-B4DD-4B7484B20259}.Release|x64.Build.0 = Release|Any CPU
		{9B43B8A0-B098-44D6-B4DD-4B7484B20259}.Release|x86.ActiveCfg = Release|Any CPU
		{9B43B8A0-B098-44D6-B4DD-4B7484B20259}.Release|x86.Build.0 = Release|Any CPU
		{96FA79BA-025E-4992-9BF0-CCDB1AFE32A2}.Debug|Any CPU.ActiveCfg = Debug|Any CPU
		{96FA79BA-025E-4992-9BF0-CCDB1AFE32A2}.Debug|Any CPU.Build.0 = Debug|Any CPU
		{96FA79BA-025E-4992-9BF0-CCDB1AFE32A2}.Debug|x64.ActiveCfg = Debug|Any CPU
		{96FA79BA-025E-4992-9BF0-CCDB1AFE32A2}.Debug|x64.Build.0 = Debug|Any CPU
		{96FA79BA-025E-4992-9BF0-CCDB1AFE32A2}.Debug|x86.ActiveCfg = Debug|Any CPU
		{96FA79BA-025E-4992-9BF0-CCDB1AFE32A2}.Debug|x86.Build.0 = Debug|Any CPU
		{96FA79BA-025E-4992-9BF0-CCDB1AFE32A2}.Release|Any CPU.ActiveCfg = Release|Any CPU
		{96FA79BA-025E-4992-9BF0-CCDB1AFE32A2}.Release|Any CPU.Build.0 = Release|Any CPU
		{96FA79BA-025E-4992-9BF0-CCDB1AFE32A2}.Release|x64.ActiveCfg = Release|Any CPU
		{96FA79BA-025E-4992-9BF0-CCDB1AFE32A2}.Release|x64.Build.0 = Release|Any CPU
		{96FA79BA-025E-4992-9BF0-CCDB1AFE32A2}.Release|x86.ActiveCfg = Release|Any CPU
		{96FA79BA-025E-4992-9BF0-CCDB1AFE32A2}.Release|x86.Build.0 = Release|Any CPU
		{DD11093B-C571-4DF0-BE91-C34F13E2932B}.Debug|Any CPU.ActiveCfg = Debug|Any CPU
		{DD11093B-C571-4DF0-BE91-C34F13E2932B}.Debug|Any CPU.Build.0 = Debug|Any CPU
		{DD11093B-C571-4DF0-BE91-C34F13E2932B}.Debug|x64.ActiveCfg = Debug|Any CPU
		{DD11093B-C571-4DF0-BE91-C34F13E2932B}.Debug|x64.Build.0 = Debug|Any CPU
		{DD11093B-C571-4DF0-BE91-C34F13E2932B}.Debug|x86.ActiveCfg = Debug|Any CPU
		{DD11093B-C571-4DF0-BE91-C34F13E2932B}.Debug|x86.Build.0 = Debug|Any CPU
		{DD11093B-C571-4DF0-BE91-C34F13E2932B}.Release|Any CPU.ActiveCfg = Release|Any CPU
		{DD11093B-C571-4DF0-BE91-C34F13E2932B}.Release|Any CPU.Build.0 = Release|Any CPU
		{DD11093B-C571-4DF0-BE91-C34F13E2932B}.Release|x64.ActiveCfg = Release|Any CPU
		{DD11093B-C571-4DF0-BE91-C34F13E2932B}.Release|x64.Build.0 = Release|Any CPU
		{DD11093B-C571-4DF0-BE91-C34F13E2932B}.Release|x86.ActiveCfg = Release|Any CPU
		{DD11093B-C571-4DF0-BE91-C34F13E2932B}.Release|x86.Build.0 = Release|Any CPU
	EndGlobalSection
	GlobalSection(SolutionProperties) = preSolution
		HideSolutionNode = FALSE
	EndGlobalSection
	GlobalSection(NestedProjects) = preSolution
		{EF9B647A-42DB-47AE-AF02-FD6A6EB5FF12} = {D2512EF8-F638-E2F8-085F-A70EC16828FA}
		{C919CC5C-9BCF-4CD7-AF98-978F9992015F} = {D2512EF8-F638-E2F8-085F-A70EC16828FA}
		{7B4FCC2C-54FB-4605-B827-54C05DACD316} = {D2512EF8-F638-E2F8-085F-A70EC16828FA}
		{9B43B8A0-B098-44D6-B4DD-4B7484B20259} = {D2512EF8-F638-E2F8-085F-A70EC16828FA}
		{96FA79BA-025E-4992-9BF0-CCDB1AFE32A2} = {63C85506-A399-6BE0-94A2-CD327F53321A}
		{DD11093B-C571-4DF0-BE91-C34F13E2932B} = {63C85506-A399-6BE0-94A2-CD327F53321A}
	EndGlobalSection
EndGlobal
