
Microsoft Visual Studio Solution File, Format Version 12.00
# Visual Studio Version 17
VisualStudioVersion = 17.0.31903.59
MinimumVisualStudioVersion = 10.0.40219.1
Project("{2150E333-8FDC-42A3-9474-1A3956D46DE8}") = "src", "src", "{827E0CD3-B72D-47B6-A68D-7590B98EB39B}"
EndProject
Project("{FAE04EC0-301F-11D3-BF4B-00C04F79EFBC}") = "MyAPI.Abstractions", "src\MyAPI.Abstractions\MyAPI.Abstractions.csproj", "{A9FC3909-3B46-4AAA-BB7E-2C9BE7249EB6}"
EndProject
Project("{FAE04EC0-301F-11D3-BF4B-00C04F79EFBC}") = "MyAPI.Runtime", "src\MyAPI.Runtime\MyAPI.Runtime.csproj", "{E1D46E78-2DAC-4E85-B50A-8C31C36F581C}"
EndProject
Project("{FAE04EC0-301F-11D3-BF4B-00C04F79EFBC}") = "MyAPI.Host", "src\MyAPI.Host\MyAPI.Host.csproj", "{96416BEF-E52C-4C6A-891E-3DF6A8E89636}"
EndProject
Project("{2150E333-8FDC-42A3-9474-1A3956D46DE8}") = "external-test-module", "external-test-module", "{70C6D247-CBD6-42BE-9DA1-1B8BD0B15A09}"
EndProject
Project("{FAE04EC0-301F-11D3-BF4B-00C04F79EFBC}") = "MyAPI.TestCapability", "..\b-Code-TestModule\MyAPI.TestCapability\MyAPI.TestCapability.csproj", "{F07A61EC-C53A-42C1-8C99-E7A6AE0B8EC3}"
EndProject
Project("{FAE04EC0-301F-11D3-BF4B-00C04F79EFBC}") = "MyAPI.TestModule", "..\b-Code-TestModule\MyAPI.TestModule\MyAPI.TestModule.csproj", "{80EE4F9E-EE6E-4E49-9F62-EB3F9EE6906B}"
EndProject
Project("{2150E333-8FDC-42A3-9474-1A3956D46DE8}") = "tests", "tests", "{0AB3BF05-4346-4AA6-1389-037BE0695223}"
EndProject
Project("{FAE04EC0-301F-11D3-BF4B-00C04F79EFBC}") = "MyAPI.ContractTests", "tests\MyAPI.ContractTests\MyAPI.ContractTests.csproj", "{DE568CAE-ED58-428D-BB1D-69DF57544975}"
EndProject
Global
	GlobalSection(SolutionConfigurationPlatforms) = preSolution
		Debug|Any CPU = Debug|Any CPU
		Debug|x64 = Debug|x64
		Debug|x86 = Debug|x86
		Release|Any CPU = Release|Any CPU
		Release|x64 = Release|x64
		Release|x86 = Release|x86
	EndGlobalSection
	GlobalSection(ProjectConfigurationPlatforms) = postSolution
		{A9FC3909-3B46-4AAA-BB7E-2C9BE7249EB6}.Debug|Any CPU.ActiveCfg = Debug|Any CPU
		{A9FC3909-3B46-4AAA-BB7E-2C9BE7249EB6}.Debug|Any CPU.Build.0 = Debug|Any CPU
		{A9FC3909-3B46-4AAA-BB7E-2C9BE7249EB6}.Debug|x64.ActiveCfg = Debug|Any CPU
		{A9FC3909-3B46-4AAA-BB7E-2C9BE7249EB6}.Debug|x64.Build.0 = Debug|Any CPU
		{A9FC3909-3B46-4AAA-BB7E-2C9BE7249EB6}.Debug|x86.ActiveCfg = Debug|Any CPU
		{A9FC3909-3B46-4AAA-BB7E-2C9BE7249EB6}.Debug|x86.Build.0 = Debug|Any CPU
		{A9FC3909-3B46-4AAA-BB7E-2C9BE7249EB6}.Release|Any CPU.ActiveCfg = Release|Any CPU
		{A9FC3909-3B46-4AAA-BB7E-2C9BE7249EB6}.Release|Any CPU.Build.0 = Release|Any CPU
		{A9FC3909-3B46-4AAA-BB7E-2C9BE7249EB6}.Release|x64.ActiveCfg = Release|Any CPU
		{A9FC3909-3B46-4AAA-BB7E-2C9BE7249EB6}.Release|x64.Build.0 = Release|Any CPU
		{A9FC3909-3B46-4AAA-BB7E-2C9BE7249EB6}.Release|x86.ActiveCfg = Release|Any CPU
		{A9FC3909-3B46-4AAA-BB7E-2C9BE7249EB6}.Release|x86.Build.0 = Release|Any CPU
		{E1D46E78-2DAC-4E85-B50A-8C31C36F581C}.Debug|Any CPU.ActiveCfg = Debug|Any CPU
		{E1D46E78-2DAC-4E85-B50A-8C31C36F581C}.Debug|Any CPU.Build.0 = Debug|Any CPU
		{E1D46E78-2DAC-4E85-B50A-8C31C36F581C}.Debug|x64.ActiveCfg = Debug|Any CPU
		{E1D46E78-2DAC-4E85-B50A-8C31C36F581C}.Debug|x64.Build.0 = Debug|Any CPU
		{E1D46E78-2DAC-4E85-B50A-8C31C36F581C}.Debug|x86.ActiveCfg = Debug|Any CPU
		{E1D46E78-2DAC-4E85-B50A-8C31C36F581C}.Debug|x86.Build.0 = Debug|Any CPU
		{E1D46E78-2DAC-4E85-B50A-8C31C36F581C}.Release|Any CPU.ActiveCfg = Release|Any CPU
		{E1D46E78-2DAC-4E85-B50A-8C31C36F581C}.Release|Any CPU.Build.0 = Release|Any CPU
		{E1D46E78-2DAC-4E85-B50A-8C31C36F581C}.Release|x64.ActiveCfg = Release|Any CPU
		{E1D46E78-2DAC-4E85-B50A-8C31C36F581C}.Release|x64.Build.0 = Release|Any CPU
		{E1D46E78-2DAC-4E85-B50A-8C31C36F581C}.Release|x86.ActiveCfg = Release|Any CPU
		{E1D46E78-2DAC-4E85-B50A-8C31C36F581C}.Release|x86.Build.0 = Release|Any CPU
		{96416BEF-E52C-4C6A-891E-3DF6A8E89636}.Debug|Any CPU.ActiveCfg = Debug|Any CPU
		{96416BEF-E52C-4C6A-891E-3DF6A8E89636}.Debug|Any CPU.Build.0 = Debug|Any CPU
		{96416BEF-E52C-4C6A-891E-3DF6A8E89636}.Debug|x64.ActiveCfg = Debug|Any CPU
		{96416BEF-E52C-4C6A-891E-3DF6A8E89636}.Debug|x64.Build.0 = Debug|Any CPU
		{96416BEF-E52C-4C6A-891E-3DF6A8E89636}.Debug|x86.ActiveCfg = Debug|Any CPU
		{96416BEF-E52C-4C6A-891E-3DF6A8E89636}.Debug|x86.Build.0 = Debug|Any CPU
		{96416BEF-E52C-4C6A-891E-3DF6A8E89636}.Release|Any CPU.ActiveCfg = Release|Any CPU
		{96416BEF-E52C-4C6A-891E-3DF6A8E89636}.Release|Any CPU.Build.0 = Release|Any CPU
		{96416BEF-E52C-4C6A-891E-3DF6A8E89636}.Release|x64.ActiveCfg = Release|Any CPU
		{96416BEF-E52C-4C6A-891E-3DF6A8E89636}.Release|x64.Build.0 = Release|Any CPU
		{96416BEF-E52C-4C6A-891E-3DF6A8E89636}.Release|x86.ActiveCfg = Release|Any CPU
		{96416BEF-E52C-4C6A-891E-3DF6A8E89636}.Release|x86.Build.0 = Release|Any CPU
		{F07A61EC-C53A-42C1-8C99-E7A6AE0B8EC3}.Debug|Any CPU.ActiveCfg = Debug|Any CPU
		{F07A61EC-C53A-42C1-8C99-E7A6AE0B8EC3}.Debug|Any CPU.Build.0 = Debug|Any CPU
		{F07A61EC-C53A-42C1-8C99-E7A6AE0B8EC3}.Debug|x64.ActiveCfg = Debug|Any CPU
		{F07A61EC-C53A-42C1-8C99-E7A6AE0B8EC3}.Debug|x64.Build.0 = Debug|Any CPU
		{F07A61EC-C53A-42C1-8C99-E7A6AE0B8EC3}.Debug|x86.ActiveCfg = Debug|Any CPU
		{F07A61EC-C53A-42C1-8C99-E7A6AE0B8EC3}.Debug|x86.Build.0 = Debug|Any CPU
		{F07A61EC-C53A-42C1-8C99-E7A6AE0B8EC3}.Release|Any CPU.ActiveCfg = Release|Any CPU
		{F07A61EC-C53A-42C1-8C99-E7A6AE0B8EC3}.Release|Any CPU.Build.0 = Release|Any CPU
		{F07A61EC-C53A-42C1-8C99-E7A6AE0B8EC3}.Release|x64.ActiveCfg = Release|Any CPU
		{F07A61EC-C53A-42C1-8C99-E7A6AE0B8EC3}.Release|x64.Build.0 = Release|Any CPU
		{F07A61EC-C53A-42C1-8C99-E7A6AE0B8EC3}.Release|x86.ActiveCfg = Release|Any CPU
		{F07A61EC-C53A-42C1-8C99-E7A6AE0B8EC3}.Release|x86.Build.0 = Release|Any CPU
		{80EE4F9E-EE6E-4E49-9F62-EB3F9EE6906B}.Debug|Any CPU.ActiveCfg = Debug|Any CPU
		{80EE4F9E-EE6E-4E49-9F62-EB3F9EE6906B}.Debug|Any CPU.Build.0 = Debug|Any CPU
		{80EE4F9E-EE6E-4E49-9F62-EB3F9EE6906B}.Debug|x64.ActiveCfg = Debug|Any CPU
		{80EE4F9E-EE6E-4E49-9F62-EB3F9EE6906B}.Debug|x64.Build.0 = Debug|Any CPU
		{80EE4F9E-EE6E-4E49-9F62-EB3F9EE6906B}.Debug|x86.ActiveCfg = Debug|Any CPU
		{80EE4F9E-EE6E-4E49-9F62-EB3F9EE6906B}.Debug|x86.Build.0 = Debug|Any CPU
		{80EE4F9E-EE6E-4E49-9F62-EB3F9EE6906B}.Release|Any CPU.ActiveCfg = Release|Any CPU
		{80EE4F9E-EE6E-4E49-9F62-EB3F9EE6906B}.Release|Any CPU.Build.0 = Release|Any CPU
		{80EE4F9E-EE6E-4E49-9F62-EB3F9EE6906B}.Release|x64.ActiveCfg = Release|Any CPU
		{80EE4F9E-EE6E-4E49-9F62-EB3F9EE6906B}.Release|x64.Build.0 = Release|Any CPU
		{80EE4F9E-EE6E-4E49-9F62-EB3F9EE6906B}.Release|x86.ActiveCfg = Release|Any CPU
		{80EE4F9E-EE6E-4E49-9F62-EB3F9EE6906B}.Release|x86.Build.0 = Release|Any CPU
		{DE568CAE-ED58-428D-BB1D-69DF57544975}.Debug|Any CPU.ActiveCfg = Debug|Any CPU
		{DE568CAE-ED58-428D-BB1D-69DF57544975}.Debug|Any CPU.Build.0 = Debug|Any CPU
		{DE568CAE-ED58-428D-BB1D-69DF57544975}.Debug|x64.ActiveCfg = Debug|Any CPU
		{DE568CAE-ED58-428D-BB1D-69DF57544975}.Debug|x64.Build.0 = Debug|Any CPU
		{DE568CAE-ED58-428D-BB1D-69DF57544975}.Debug|x86.ActiveCfg = Debug|Any CPU
		{DE568CAE-ED58-428D-BB1D-69DF57544975}.Debug|x86.Build.0 = Debug|Any CPU
		{DE568CAE-ED58-428D-BB1D-69DF57544975}.Release|Any CPU.ActiveCfg = Release|Any CPU
		{DE568CAE-ED58-428D-BB1D-69DF57544975}.Release|Any CPU.Build.0 = Release|Any CPU
		{DE568CAE-ED58-428D-BB1D-69DF57544975}.Release|x64.ActiveCfg = Release|Any CPU
		{DE568CAE-ED58-428D-BB1D-69DF57544975}.Release|x64.Build.0 = Release|Any CPU
		{DE568CAE-ED58-428D-BB1D-69DF57544975}.Release|x86.ActiveCfg = Release|Any CPU
		{DE568CAE-ED58-428D-BB1D-69DF57544975}.Release|x86.Build.0 = Release|Any CPU
	EndGlobalSection
	GlobalSection(SolutionProperties) = preSolution
		HideSolutionNode = FALSE
	EndGlobalSection
	GlobalSection(NestedProjects) = preSolution
		{A9FC3909-3B46-4AAA-BB7E-2C9BE7249EB6} = {827E0CD3-B72D-47B6-A68D-7590B98EB39B}
		{E1D46E78-2DAC-4E85-B50A-8C31C36F581C} = {827E0CD3-B72D-47B6-A68D-7590B98EB39B}
		{96416BEF-E52C-4C6A-891E-3DF6A8E89636} = {827E0CD3-B72D-47B6-A68D-7590B98EB39B}
		{F07A61EC-C53A-42C1-8C99-E7A6AE0B8EC3} = {70C6D247-CBD6-42BE-9DA1-1B8BD0B15A09}
		{80EE4F9E-EE6E-4E49-9F62-EB3F9EE6906B} = {70C6D247-CBD6-42BE-9DA1-1B8BD0B15A09}
		{DE568CAE-ED58-428D-BB1D-69DF57544975} = {0AB3BF05-4346-4AA6-1389-037BE0695223}
	EndGlobalSection
EndGlobal
