{
  "version": 2,
  "dependencies": {
    "net8.0-windows7.0": {
      "OneHistory.AppShell.Core": {
        "type": "Project"
      },
      "OneHistory.AppShell.Services": {
        "type": "Project",
        "dependencies": {
          "OneHistory.AppShell.Core": "[3.0.2, )"
        }
      },
      "OneHistory.AppShell.Shell": {
        "type": "Project",
        "dependencies": {
          "Dirkster.AvalonDock": "[4.72.1, )",
          "Dirkster.AvalonDock.Themes.VS2013": "[4.72.1, )",
          "OneHistory.AppShell.Core": "[3.0.2, )",
          "OneHistory.AppShell.Services": "[3.0.2, )"
        }
      },
      "Dirkster.AvalonDock": {
        "type": "CentralTransitive",
        "requested": "[4.72.1, )",
        "resolved": "4.72.1",
        "contentHash": "m5J03HVntDM3eu7GyzLWlNdr2c2TTBAoD33Pq1yCID7vEtk13VVngtlmegp67WUvpL5JUC8G2xU8n+ThZKKz0Q=="
      },
      "Dirkster.AvalonDock.Themes.VS2013": {
        "type": "CentralTransitive",
        "requested": "[4.72.1, )",
        "resolved": "4.72.1",
        "contentHash": "g+hcHokgRFSvznqsVWxHxPCrUMxe18MTJjXMRVQJTVNo/Kwx8krdNiRnCSUDkuVtr2z29EtC4QofZhwUB7FS+w==",
        "dependencies": {
          "Dirkster.AvalonDock": "4.72.1"
        }
      }
    },
    "net8.0-windows7.0/win-x64": {}
  }
}