
Microsoft Visual Studio Solution File, Format Version 12.00
# Visual Studio Version 17
VisualStudioVersion = 17.14.37411.7 d17.14
MinimumVisualStudioVersion = 10.0.40219.1
Project("{FAE04EC0-301F-11D3-BF4B-00C04F79EFBC}") = "OneHistoryGitTool", "OneHistoryGitTool.csproj", "{8B19EF3A-5395-AB84-6124-138A578EB778}"
EndProject
Global
	GlobalSection(SolutionConfigurationPlatforms) = preSolution
		Debug|Any CPU = Debug|Any CPU
		Release|Any CPU = Release|Any CPU
	EndGlobalSection
	GlobalSection(ProjectConfigurationPlatforms) = postSolution
		{8B19EF3A-5395-AB84-6124-138A578EB778}.Debug|Any CPU.ActiveCfg = Debug|Any CPU
		{8B19EF3A-5395-AB84-6124-138A578EB778}.Debug|Any CPU.Build.0 = Debug|Any CPU
		{8B19EF3A-5395-AB84-6124-138A578EB778}.Release|Any CPU.ActiveCfg = Release|Any CPU
		{8B19EF3A-5395-AB84-6124-138A578EB778}.Release|Any CPU.Build.0 = Release|Any CPU
	EndGlobalSection
	GlobalSection(SolutionProperties) = preSolution
		HideSolutionNode = FALSE
	EndGlobalSection
	GlobalSection(ExtensibilityGlobals) = postSolution
		SolutionGuid = {C913E5A8-3B36-4F8E-B7A2-0B71F1216D2F}
	EndGlobalSection
EndGlobal
