{
  "version": 2,
  "dependencies": {
    "net8.0-windows7.0": {
      "Dirkster.AvalonDock": {
        "type": "Direct",
        "requested": "[4.72.1, )",
        "resolved": "4.72.1",
        "contentHash": "m5J03HVntDM3eu7GyzLWlNdr2c2TTBAoD33Pq1yCID7vEtk13VVngtlmegp67WUvpL5JUC8G2xU8n+ThZKKz0Q=="
      },
      "Dirkster.AvalonDock.Themes.VS2013": {
        "type": "Direct",
        "requested": "[4.72.1, )",
        "resolved": "4.72.1",
        "contentHash": "g+hcHokgRFSvznqsVWxHxPCrUMxe18MTJjXMRVQJTVNo/Kwx8krdNiRnCSUDkuVtr2z29EtC4QofZhwUB7FS+w==",
        "dependencies": {
          "Dirkster.AvalonDock": "4.72.1"
        }
      },
      "Microsoft.CodeAnalysis.PublicApiAnalyzers": {
        "type": "Direct",
        "requested": "[3.3.4, )",
        "resolved": "3.3.4",
        "contentHash": "kNLTfXtXUWDHVt5iaPkkiPuyHYlMgLI6SOFT4w88bfeI2vqSeGgHunFkdvlaCM8RDfcY0t2+jnesQtidRJJ/DA=="
      },
      "Microsoft.SourceLink.GitHub": {
        "type": "Direct",
        "requested": "[8.0.0, )",
        "resolved": "8.0.0",
        "contentHash": "G5q7OqtwIyGTkeIOAc3u2ZuV/kicQaec5EaRnc0pIeSnh9LUjj+PYQrJYBURvDt7twGl2PKA7nSN0kz1Zw5bnQ==",
        "dependencies": {
          "Microsoft.Build.Tasks.Git": "8.0.0",
          "Microsoft.SourceLink.Common": "8.0.0"
        }
      },
      "Microsoft.Build.Tasks.Git": {
        "type": "Transitive",
        "resolved": "8.0.0",
        "contentHash": "bZKfSIKJRXLTuSzLudMFte/8CempWjVamNUR5eHJizsy+iuOuO/k2gnh7W0dHJmYY0tBf+gUErfluCv5mySAOQ=="
      },
      "Microsoft.SourceLink.Common": {
        "type": "Transitive",
        "resolved": "8.0.0",
        "contentHash": "dk9JPxTCIevS75HyEQ0E4OVAFhB2N+V9ShCXf8Q6FkUQZDkgLI12y679Nym1YqsiSysuQskT7Z+6nUf3yab6Vw=="
      },
      "OneHistory.HistoryVulcan.Core": {
        "type": "Project"
      },
      "OneHistory.HistoryVulcan.Services": {
        "type": "Project",
        "dependencies": {
          "OneHistory.HistoryVulcan.Core": "[3.4.1, )"
        }
      }
    },
    "net8.0-windows7.0/win-x64": {}
  }
}